
Microsoft Visual Studio Solution File, Format Version 12.00
# Visual Studio 15
VisualStudioVersion = 15.0.28307.852
MinimumVisualStudioVersion = 10.0.40219.1
Project("{9A19103F-16F7-4668-BE54-9A1E7A4F7556}") = "kolveniershofBackend", "kolveniershofBackend\kolveniershofBackend.csproj", "{90202283-6DBF-4821-B8FF-617FB011193A}"
EndProject
Project("{FAE04EC0-301F-11D3-BF4B-00C04F79EFBC}") = "KolveniershofBackendTests", "KolveniershofBackendTests\KolveniershofBackendTests.csproj", "{DADF8A16-2C38-490D-8242-895450E7E876}"
EndProject
Global
	GlobalSection(SolutionConfigurationPlatforms) = preSolution
		Debug|Any CPU = Debug|Any CPU
		Release|Any CPU = Release|Any CPU
	EndGlobalSection
	GlobalSection(ProjectConfigurationPlatforms) = postSolution
		{90202283-6DBF-4821-B8FF-617FB011193A}.Debug|Any CPU.ActiveCfg = Debug|Any CPU
		{90202283-6DBF-4821-B8FF-617FB011193A}.Debug|Any CPU.Build.0 = Debug|Any CPU
		{90202283-6DBF-4821-B8FF-617FB011193A}.Release|Any CPU.ActiveCfg = Release|Any CPU
		{90202283-6DBF-4821-B8FF-617FB011193A}.Release|Any CPU.Build.0 = Release|Any CPU
		{DADF8A16-2C38-490D-8242-895450E7E876}.Debug|Any CPU.ActiveCfg = Debug|Any CPU
		{DADF8A16-2C38-490D-8242-895450E7E876}.Debug|Any CPU.Build.0 = Debug|Any CPU
		{DADF8A16-2C38-490D-8242-895450E7E876}.Release|Any CPU.ActiveCfg = Release|Any CPU
		{DADF8A16-2C38-490D-8242-895450E7E876}.Release|Any CPU.Build.0 = Release|Any CPU
	EndGlobalSection
	GlobalSection(SolutionProperties) = preSolution
		HideSolutionNode = FALSE
	EndGlobalSection
	GlobalSection(ExtensibilityGlobals) = postSolution
		SolutionGuid = {382521A2-E2C0-4B74-88E5-6C499CE71280}
	EndGlobalSection
EndGlobal
